{
	"name": "todo",
	"version": "0.0.0",
	"lockfileVersion": 1,
	"requires": true,
	"dependencies": {
		"@types/color-name": {
			"version": "1.1.1",
			"resolved": "https://registry.npmjs.org/@types/color-name/-/color-name-1.1.1.tgz",
			"integrity": "sha512-rr+OQyAjxze7GgWrSaJwydHStIhHq2lvY3BOC2Mj7KnzI7XK0Uw1TOOdI9lDoajEbSWLiYgoo4f1R51erQfhPQ==",
			"dev": true
		},
		"@types/estree": {
			"version": "0.0.39",
			"resolved": "https://registry.npmjs.org/@types/estree/-/estree-0.0.39.tgz",
			"integrity": "sha512-EYNwp3bU+98cpU4lAWYYL7Zz+2gryWH1qbdDTidVd6hkiR6weksdbMadyXKXNPEkQFhXM+hVO9ZygomHXp+AIw==",
			"dev": true
		},
		"@types/node": {
			"version": "12.12.5",
			"resolved": "https://registry.npmjs.org/@types/node/-/node-12.12.5.tgz",
			"integrity": "sha512-KEjODidV4XYUlJBF3XdjSH5FWoMCtO0utnhtdLf1AgeuZLOrRbvmU/gaRCVg7ZaQDjVf3l84egiY0mRNe5xE4A==",
			"dev": true
		},
		"@types/resolve": {
			"version": "0.0.8",
			"resolved": "https://registry.npmjs.org/@types/resolve/-/resolve-0.0.8.tgz",
			"integrity": "sha512-auApPaJf3NPfe18hSoJkp8EbZzer2ISk7o8mCC3M9he/a04+gbMF97NkpD2S8riMGvm4BMRI59/SZQSaLTKpsQ==",
			"dev": true,
			"requires": {
				"@types/node": "*"
			}
		},
		"@types/through2": {
			"version": "2.0.34",
			"resolved": "https://registry.npmjs.org/@types/through2/-/through2-2.0.34.tgz",
			"integrity": "sha512-nhRG8+RuG/L+0fAZBQYaRflXKjTrHOKH8MFTChnf+dNVMxA3wHYYrfj0tztK0W51ABXjGfRCDc0vRkecCOrsow==",
			"dev": true,
			"requires": {
				"@types/node": "*"
			}
		},
		"acorn": {
			"version": "7.1.0",
			"resolved": "https://registry.npmjs.org/acorn/-/acorn-7.1.0.tgz",
			"integrity": "sha512-kL5CuoXA/dgxlBbVrflsflzQ3PAas7RYZB52NOm/6839iVYJgKMJ3cQJD+t2i5+qFa8h3MDpEOJiS64E8JLnSQ==",
			"dev": true
		},
		"add-filename-increment": {
			"version": "1.0.0",
			"resolved": "https://registry.npmjs.org/add-filename-increment/-/add-filename-increment-1.0.0.tgz",
			"integrity": "sha512-pFV8VZX8jxuVMIycKvGZkWF/ihnUubu9lbQVnOnZWp7noVxbKQTNj7zG2y9fXdPcuZ6lAN3Drr517HaivGCjdQ==",
			"dev": true,
			"requires": {
				"strip-filename-increment": "^2.0.1"
			}
		},
		"ansi-styles": {
			"version": "4.2.0",
			"resolved": "https://registry.npmjs.org/ansi-styles/-/ansi-styles-4.2.0.tgz",
			"integrity": "sha512-7kFQgnEaMdRtwf6uSfUnVr9gSGC7faurn+J/Mv90/W+iTtN0405/nLdopfMWwchyxhbGYl6TC4Sccn9TUkGAgg==",
			"dev": true,
			"requires": {
				"@types/color-name": "^1.1.1",
				"color-convert": "^2.0.1"
			}
		},
		"builtin-modules": {
			"version": "3.1.0",
			"resolved": "https://registry.npmjs.org/builtin-modules/-/builtin-modules-3.1.0.tgz",
			"integrity": "sha512-k0KL0aWZuBt2lrxrcASWDfwOLMnodeQjodT/1SxEQAXsHANgo6ZC/VEaSEHCXt7aSTZ4/4H5LKa+tBXmW7Vtvw==",
			"dev": true
		},
		"chalk": {
			"version": "3.0.0",
			"resolved": "https://registry.npmjs.org/chalk/-/chalk-3.0.0.tgz",
			"integrity": "sha512-4D3B6Wf41KOYRFdszmDqMCGq5VV/uMAB273JILmO+3jAlh8X4qDtdtgCR3fxtbLEMzSx22QdhnDcJvu2u1fVwg==",
			"dev": true,
			"requires": {
				"ansi-styles": "^4.1.0",
				"supports-color": "^7.1.0"
			}
		},
		"color-convert": {
			"version": "2.0.1",
			"resolved": "https://registry.npmjs.org/color-convert/-/color-convert-2.0.1.tgz",
			"integrity": "sha512-RRECPsj7iu/xb5oKYcsFHSppFNnsj/52OVTRKb4zP5onXwVF3zVmmToNcOfGC+CRDpfK/U584fMg38ZHCaElKQ==",
			"dev": true,
			"requires": {
				"color-name": "~1.1.4"
			}
		},
		"color-name": {
			"version": "1.1.4",
			"resolved": "https://registry.npmjs.org/color-name/-/color-name-1.1.4.tgz",
			"integrity": "sha512-dOy+3AuW3a2wNbZHIuMZpTcgjGuLU/uBL/ubcZF9OXbDo8ff4O8yVp5Bf0efS8uEoYo5q4Fx7dY9OgQGXgAsQA==",
			"dev": true
		},
		"cross-env": {
			"version": "6.0.3",
			"resolved": "https://registry.npmjs.org/cross-env/-/cross-env-6.0.3.tgz",
			"integrity": "sha512-+KqxF6LCvfhWvADcDPqo64yVIB31gv/jQulX2NGzKS/g3GEVz6/pt4wjHFtFWsHMddebWD/sDthJemzM4MaAag==",
			"dev": true,
			"requires": {
				"cross-spawn": "^7.0.0"
			},
			"dependencies": {
				"cross-spawn": {
					"version": "7.0.1",
					"resolved": "https://registry.npmjs.org/cross-spawn/-/cross-spawn-7.0.1.tgz",
					"integrity": "sha512-u7v4o84SwFpD32Z8IIcPZ6z1/ie24O6RU3RbtL5Y316l3KuHVPx9ItBgWQ6VlfAFnRnTtMUrsQ9MUUTuEZjogg==",
					"dev": true,
					"requires": {
						"path-key": "^3.1.0",
						"shebang-command": "^2.0.0",
						"which": "^2.0.1"
					}
				},
				"path-key": {
					"version": "3.1.0",
					"resolved": "https://registry.npmjs.org/path-key/-/path-key-3.1.0.tgz",
					"integrity": "sha512-8cChqz0RP6SHJkMt48FW0A7+qUOn+OsnOsVtzI59tZ8m+5bCSk7hzwET0pulwOM2YMn9J1efb07KB9l9f30SGg==",
					"dev": true
				},
				"shebang-command": {
					"version": "2.0.0",
					"resolved": "https://registry.npmjs.org/shebang-command/-/shebang-command-2.0.0.tgz",
					"integrity": "sha512-kHxr2zZpYtdmrN1qDjrrX/Z1rR1kG8Dx+gkpK1G4eXmvXswmcE1hTWBWYUzlraYw1/yZp6YuDY77YtvbN0dmDA==",
					"dev": true,
					"requires": {
						"shebang-regex": "^3.0.0"
					}
				},
				"shebang-regex": {
					"version": "3.0.0",
					"resolved": "https://registry.npmjs.org/shebang-regex/-/shebang-regex-3.0.0.tgz",
					"integrity": "sha512-7++dFhtcx3353uBaq8DDR4NuxBetBzC7ZQOhmTQInHEd6bSrXdiEyzCvG07Z44UYdLShWUyXt5M/yhz8ekcb1A==",
					"dev": true
				},
				"which": {
					"version": "2.0.1",
					"resolved": "https://registry.npmjs.org/which/-/which-2.0.1.tgz",
					"integrity": "sha512-N7GBZOTswtB9lkQBZA4+zAXrjEIWAUOB93AvzUiudRzRxhUdLURQ7D/gAIMY1gatT/LTbmbcv8SiYazy3eYB7w==",
					"dev": true,
					"requires": {
						"isexe": "^2.0.0"
					}
				}
			}
		},
		"debug": {
			"version": "4.1.1",
			"resolved": "https://registry.npmjs.org/debug/-/debug-4.1.1.tgz",
			"integrity": "sha512-pYAIzeRo8J6KPEaJ0VWOh5Pzkbw/RetuzehGM7QRRX5he4fPHx2rdKMB256ehJCkX+XRQm16eZLqLNS8RSZXZw==",
			"requires": {
				"ms": "^2.1.1"
			}
		},
		"deepmerge": {
			"version": "4.2.2",
			"resolved": "https://registry.npmjs.org/deepmerge/-/deepmerge-4.2.2.tgz",
			"integrity": "sha512-FJ3UgI4gIl+PHZm53knsuSFpE+nESMr7M4v9QcgB7S63Kj/6WqMiFQJpBBYz1Pt+66bZpP3Q7Lye0Oo9MPKEdg==",
			"dev": true
		},
		"error-stack-parser": {
			"version": "2.0.4",
			"resolved": "https://registry.npmjs.org/error-stack-parser/-/error-stack-parser-2.0.4.tgz",
			"integrity": "sha512-fZ0KkoxSjLFmhW5lHbUT3tLwy3nX1qEzMYo8koY1vrsAco53CMT1djnBSeC/wUjTEZRhZl9iRw7PaMaxfJ4wzQ==",
			"dev": true,
			"requires": {
				"stackframe": "^1.1.0"
			}
		},
		"estree-walker": {
			"version": "0.6.1",
			"resolved": "https://registry.npmjs.org/estree-walker/-/estree-walker-0.6.1.tgz",
			"integrity": "sha512-SqmZANLWS0mnatqbSfRP5g8OXZC12Fgg1IwNtLsyHDzJizORW4khDfjPqJZsemPWBB2uqykUah5YpQ6epsqC/w==",
			"dev": true
		},
		"flat": {
			"version": "5.0.0",
			"resolved": "https://registry.npmjs.org/flat/-/flat-5.0.0.tgz",
			"integrity": "sha512-6KSMM+cHHzXC/hpldXApL2S8Uz+QZv+tq5o/L0KQYleoG+GcwrnIJhTWC7tCOiKQp8D/fIvryINU1OZCCwevjA==",
			"dev": true,
			"requires": {
				"is-buffer": "~2.0.4"
			}
		},
		"has-flag": {
			"version": "4.0.0",
			"resolved": "https://registry.npmjs.org/has-flag/-/has-flag-4.0.0.tgz",
			"integrity": "sha512-EykJT/Q1KjTWctppgIAgfSO0tKVuZUjhgMr17kqTumMl6Afv3EISleU7qZUzoXDFTAHTDC4NOoG/ZxU3EvlMPQ==",
			"dev": true
		},
		"inherits": {
			"version": "2.0.4",
			"resolved": "https://registry.npmjs.org/inherits/-/inherits-2.0.4.tgz",
			"integrity": "sha512-k/vGaX4/Yla3WzyMCvTQOXYeIHvqOKtnqBduzTHpzpQZzAskKMhZ2K+EnBiSM9zGSoIFeMpXKxa4dYeZIQqewQ==",
			"dev": true
		},
		"is-buffer": {
			"version": "2.0.4",
			"resolved": "https://registry.npmjs.org/is-buffer/-/is-buffer-2.0.4.tgz",
			"integrity": "sha512-Kq1rokWXOPXWuaMAqZiJW4XxsmD9zGx9q4aePabbn3qCRGedtH7Cm+zV8WETitMfu1wdh+Rvd6w5egwSngUX2A==",
			"dev": true
		},
		"is-module": {
			"version": "1.0.0",
			"resolved": "https://registry.npmjs.org/is-module/-/is-module-1.0.0.tgz",
			"integrity": "sha1-Mlj7afeMFNW4FdZkM2tM/7ZEFZE=",
			"dev": true
		},
		"is-reference": {
			"version": "1.1.4",
			"resolved": "https://registry.npmjs.org/is-reference/-/is-reference-1.1.4.tgz",
			"integrity": "sha512-uJA/CDPO3Tao3GTrxYn6AwkM4nUPJiGGYu5+cB8qbC7WGFlrKZbiRo7SFKxUAEpFUfiHofWCXBUNhvYJMh+6zw==",
			"dev": true,
			"requires": {
				"@types/estree": "0.0.39"
			}
		},
		"isexe": {
			"version": "2.0.0",
			"resolved": "https://registry.npmjs.org/isexe/-/isexe-2.0.0.tgz",
			"integrity": "sha1-6PvzdNxVb/iUehDcsFctYz8s+hA=",
			"dev": true
		},
		"magic-string": {
			"version": "0.25.4",
			"resolved": "https://registry.npmjs.org/magic-string/-/magic-string-0.25.4.tgz",
			"integrity": "sha512-oycWO9nEVAP2RVPbIoDoA4Y7LFIJ3xRYov93gAyJhZkET1tNuB0u7uWkZS2LpBWTJUWnmau/To8ECWRC+jKNfw==",
			"dev": true,
			"requires": {
				"sourcemap-codec": "^1.4.4"
			}
		},
		"ms": {
			"version": "2.1.2",
			"resolved": "https://registry.npmjs.org/ms/-/ms-2.1.2.tgz",
			"integrity": "sha512-sGkPx+VjMtmA6MX27oA4FBFELFCZZ4S4XqeGOXCv68tT+jb3vk/RyaKWP0PTKyWtmLSM0b+adUTEvbs1PEaH2w=="
		},
		"path-parse": {
			"version": "1.0.6",
			"resolved": "https://registry.npmjs.org/path-parse/-/path-parse-1.0.6.tgz",
			"integrity": "sha512-GSmOT2EbHrINBf9SR7CDELwlJ8AENk3Qn7OikK4nFYAu3Ote2+JYNVvkpAEQm3/TLNEJFD/xZJjzyxg3KBWOzw==",
			"dev": true
		},
		"prettier": {
			"version": "1.19.1",
			"resolved": "https://registry.npmjs.org/prettier/-/prettier-1.19.1.tgz",
			"integrity": "sha512-s7PoyDv/II1ObgQunCbB9PdLmUcBZcnWOcxDh7O0N/UwDEsHyqkW+Qh28jW+mVuCdx7gLB0BotYI1Y6uI9iyew==",
			"dev": true
		},
		"readable-stream": {
			"version": "3.4.0",
			"resolved": "https://registry.npmjs.org/readable-stream/-/readable-stream-3.4.0.tgz",
			"integrity": "sha512-jItXPLmrSR8jmTRmRWJXCnGJsfy85mB3Wd/uINMXA65yrnFo0cPClFIUWzo2najVNSl+mx7/4W8ttlLWJe99pQ==",
			"dev": true,
			"requires": {
				"inherits": "^2.0.3",
				"string_decoder": "^1.1.1",
				"util-deprecate": "^1.0.1"
			}
		},
		"resolve": {
			"version": "1.12.0",
			"resolved": "https://registry.npmjs.org/resolve/-/resolve-1.12.0.tgz",
			"integrity": "sha512-B/dOmuoAik5bKcD6s6nXDCjzUKnaDvdkRyAk6rsmsKLipWj4797iothd7jmmUhWTfinVMU+wc56rYKsit2Qy4w==",
			"dev": true,
			"requires": {
				"path-parse": "^1.0.6"
			}
		},
		"rollup": {
			"version": "1.27.13",
			"resolved": "https://registry.npmjs.org/rollup/-/rollup-1.27.13.tgz",
			"integrity": "sha512-hDi7M07MpmNSDE8YVwGVFA8L7n8jTLJ4lG65nMAijAyqBe//rtu4JdxjUBE7JqXfdpqxqDTbCDys9WcqdpsQvw==",
			"dev": true,
			"requires": {
				"@types/estree": "*",
				"@types/node": "*",
				"acorn": "^7.1.0"
			}
		},
		"rollup-plugin-command": {
			"version": "1.0.7",
			"resolved": "https://registry.npmjs.org/rollup-plugin-command/-/rollup-plugin-command-1.0.7.tgz",
			"integrity": "sha512-co/CQyLjQGWf02hU6BNH1+UI6b+tT+5zaZ0qjAgxv+KETJIKGSRNp4Qyzw0KZIeqkXM2QplAtYL4xDdKW0ZIwg==",
			"dev": true
		},
		"rollup-plugin-commonjs": {
			"version": "10.1.0",
			"resolved": "https://registry.npmjs.org/rollup-plugin-commonjs/-/rollup-plugin-commonjs-10.1.0.tgz",
			"integrity": "sha512-jlXbjZSQg8EIeAAvepNwhJj++qJWNJw1Cl0YnOqKtP5Djx+fFGkp3WRh+W0ASCaFG5w1jhmzDxgu3SJuVxPF4Q==",
			"dev": true,
			"requires": {
				"estree-walker": "^0.6.1",
				"is-reference": "^1.1.2",
				"magic-string": "^0.25.2",
				"resolve": "^1.11.0",
				"rollup-pluginutils": "^2.8.1"
			}
		},
		"rollup-plugin-glob-files": {
			"version": "1.0.3",
			"resolved": "https://registry.npmjs.org/rollup-plugin-glob-files/-/rollup-plugin-glob-files-1.0.3.tgz",
			"integrity": "sha512-bp4OD1ORi46uckj+85qWwE0EtQa+RofKD5JeKAvzplUdrRGbbYCivtyIxplRJGHXCMQvGCFVU6iqlCEsWBXsog==",
			"dev": true,
			"requires": {
				"rollup-pluginutils": "^2.8.2",
				"simply-get-files": "^1.0.2",
				"write": "^2.0.0"
			}
		},
		"rollup-plugin-node-resolve": {
			"version": "5.2.0",
			"resolved": "https://registry.npmjs.org/rollup-plugin-node-resolve/-/rollup-plugin-node-resolve-5.2.0.tgz",
			"integrity": "sha512-jUlyaDXts7TW2CqQ4GaO5VJ4PwwaV8VUGA7+km3n6k6xtOEacf61u0VXwN80phY/evMcaS+9eIeJ9MOyDxt5Zw==",
			"dev": true,
			"requires": {
				"@types/resolve": "0.0.8",
				"builtin-modules": "^3.1.0",
				"is-module": "^1.0.0",
				"resolve": "^1.11.1",
				"rollup-pluginutils": "^2.8.1"
			}
		},
		"rollup-plugin-typescript": {
			"version": "1.0.1",
			"resolved": "https://registry.npmjs.org/rollup-plugin-typescript/-/rollup-plugin-typescript-1.0.1.tgz",
			"integrity": "sha512-rwJDNn9jv/NsKZuyBb/h0jsclP4CJ58qbvZt2Q9zDIGILF2LtdtvCqMOL+Gq9IVq5MTrTlHZNrn8h7VjQgd8tw==",
			"dev": true,
			"requires": {
				"resolve": "^1.10.0",
				"rollup-pluginutils": "^2.5.0"
			}
		},
		"rollup-pluginutils": {
			"version": "2.8.2",
			"resolved": "https://registry.npmjs.org/rollup-pluginutils/-/rollup-pluginutils-2.8.2.tgz",
			"integrity": "sha512-EEp9NhnUkwY8aif6bxgovPHMoMoNr2FulJziTndpt5H9RdwC47GSGuII9XxpSdzVGM0GWrNPHV6ie1LTNJPaLQ==",
			"dev": true,
			"requires": {
				"estree-walker": "^0.6.1"
			}
		},
		"safe-buffer": {
			"version": "5.2.0",
			"resolved": "https://registry.npmjs.org/safe-buffer/-/safe-buffer-5.2.0.tgz",
			"integrity": "sha512-fZEwUGbVl7kouZs1jCdMLdt95hdIv0ZeHg6L7qPeciMZhZ+/gdesW4wgTARkrFWEpspjEATAzUGPG8N2jJiwbg==",
			"dev": true
		},
		"simply-get-files": {
			"version": "1.0.2",
			"resolved": "https://registry.npmjs.org/simply-get-files/-/simply-get-files-1.0.2.tgz",
			"integrity": "sha512-2Ye0XlqvhqoiPVaPk/95i2jR5gAs3wfUEdoKLuGnldjNzOFFpbm0cUSGmeLHkOi9sVB3ht3qxMMddj8vx2BsAQ==",
			"dev": true
		},
		"source-map": {
			"version": "0.5.6",
			"resolved": "https://registry.npmjs.org/source-map/-/source-map-0.5.6.tgz",
			"integrity": "sha1-dc449SvwczxafwwRjYEzSiu19BI=",
			"dev": true
		},
		"sourcemap-codec": {
			"version": "1.4.6",
			"resolved": "https://registry.npmjs.org/sourcemap-codec/-/sourcemap-codec-1.4.6.tgz",
			"integrity": "sha512-1ZooVLYFxC448piVLBbtOxFcXwnymH9oUF8nRd3CuYDVvkRBxRl6pB4Mtas5a4drtL+E8LDgFkQNcgIw6tc8Hg==",
			"dev": true
		},
		"stack-generator": {
			"version": "2.0.4",
			"resolved": "https://registry.npmjs.org/stack-generator/-/stack-generator-2.0.4.tgz",
			"integrity": "sha512-ha1gosTNcgxwzo9uKTQ8zZ49aUp5FIUW58YHFxCqaAHtE0XqBg0chGFYA1MfmW//x1KWq3F4G7Ug7bJh4RiRtg==",
			"dev": true,
			"requires": {
				"stackframe": "^1.1.0"
			}
		},
		"stackframe": {
			"version": "1.1.0",
			"resolved": "https://registry.npmjs.org/stackframe/-/stackframe-1.1.0.tgz",
			"integrity": "sha512-Vx6W1Yvy+AM1R/ckVwcHQHV147pTPBKWCRLrXMuPrFVfvBUc3os7PR1QLIWCMhPpRg5eX9ojzbQIMLGBwyLjqg==",
			"dev": true
		},
		"stacktrace-gps": {
			"version": "3.0.3",
			"resolved": "https://registry.npmjs.org/stacktrace-gps/-/stacktrace-gps-3.0.3.tgz",
			"integrity": "sha512-51Rr7dXkyFUKNmhY/vqZWK+EvdsfFSRiQVtgHTFlAdNIYaDD7bVh21yBHXaNWAvTD+w+QSjxHg7/v6Tz4veExA==",
			"dev": true,
			"requires": {
				"source-map": "0.5.6",
				"stackframe": "^1.1.0"
			}
		},
		"stacktrace-js": {
			"version": "2.0.1",
			"resolved": "https://registry.npmjs.org/stacktrace-js/-/stacktrace-js-2.0.1.tgz",
			"integrity": "sha512-13oDNgBSeWtdGa4/2BycNyKqe+VktCoJ8VLx4pDoJkwGGJVtiHdfMOAj3aW9xTi8oR2v34z9IcvfCvT6XNdNAw==",
			"dev": true,
			"requires": {
				"error-stack-parser": "^2.0.4",
				"stack-generator": "^2.0.4",
				"stacktrace-gps": "^3.0.3"
			}
		},
		"string_decoder": {
			"version": "1.3.0",
			"resolved": "https://registry.npmjs.org/string_decoder/-/string_decoder-1.3.0.tgz",
			"integrity": "sha512-hkRX8U1WjJFd8LsDJ2yQ/wWWxaopEsABU1XfkM8A+j0+85JAGppt16cr1Whg6KIbb4okU6Mql6BOj+uup/wKeA==",
			"dev": true,
			"requires": {
				"safe-buffer": "~5.2.0"
			}
		},
		"strip-filename-increment": {
			"version": "2.0.1",
			"resolved": "https://registry.npmjs.org/strip-filename-increment/-/strip-filename-increment-2.0.1.tgz",
			"integrity": "sha512-+v5xsiTTsdYqkPj7qz1zlngIsjZedhHDi3xp/9bMurV8kXe9DAr732gNVqtt4X8sI3hOqS3nlFfps5gyVcux6w==",
			"dev": true
		},
		"supports-color": {
			"version": "7.1.0",
			"resolved": "https://registry.npmjs.org/supports-color/-/supports-color-7.1.0.tgz",
			"integrity": "sha512-oRSIpR8pxT1Wr2FquTNnGet79b3BWljqOuoW/h4oBhxJ/HUbX5nX6JSruTkvXDCFMwDPvsaTTbvMLKZWSy0R5g==",
			"dev": true,
			"requires": {
				"has-flag": "^4.0.0"
			}
		},
		"through2": {
			"version": "3.0.1",
			"resolved": "https://registry.npmjs.org/through2/-/through2-3.0.1.tgz",
			"integrity": "sha512-M96dvTalPT3YbYLaKaCuwu+j06D/8Jfib0o/PxbVt6Amhv3dUAtW6rTV1jPgJSBG83I/e04Y6xkVdVhSRhi0ww==",
			"dev": true,
			"requires": {
				"readable-stream": "2 || 3"
			}
		},
		"tslib": {
			"version": "1.10.0",
			"resolved": "https://registry.npmjs.org/tslib/-/tslib-1.10.0.tgz",
			"integrity": "sha512-qOebF53frne81cf0S9B41ByenJ3/IuH8yJKngAX35CmiZySA0khhkovshKK+jGCaMnVomla7gVlIcc3EvKPbTQ==",
			"dev": true
		},
		"typescript": {
			"version": "3.7.3",
			"resolved": "https://registry.npmjs.org/typescript/-/typescript-3.7.3.tgz",
			"integrity": "sha512-Mcr/Qk7hXqFBXMN7p7Lusj1ktCBydylfQM/FZCk5glCNQJrCUKPkMHdo9R0MTFWsC/4kPFvDS0fDPvukfCkFsw==",
			"dev": true
		},
		"util-deprecate": {
			"version": "1.0.2",
			"resolved": "https://registry.npmjs.org/util-deprecate/-/util-deprecate-1.0.2.tgz",
			"integrity": "sha1-RQ1Nyfpw3nMnYvvS1KKJgUGaDM8=",
			"dev": true
		},
		"write": {
			"version": "2.0.0",
			"resolved": "https://registry.npmjs.org/write/-/write-2.0.0.tgz",
			"integrity": "sha512-yam9TAqN8sAZokECAejo9HpT2j2s39OgK8i8yxadrFBVo+iSWLfnipRVFulfAw1d2dz5vSuGmlMHYRKG4fysOA==",
			"dev": true,
			"requires": {
				"add-filename-increment": "^1.0.0"
			}
		},
		"zip-tap": {
			"version": "1.0.4",
			"resolved": "https://registry.npmjs.org/zip-tap/-/zip-tap-1.0.4.tgz",
			"integrity": "sha512-+7uGsuiDhnT7s6BJGEf4dgU1RKPEpFC+od2ib1vYtpMYHGkHj3f/tntR30AKwhd3mqpcY3trZ6q3bCluWwCWLQ==",
			"dev": true,
			"requires": {
				"flat": "^5.0.0",
				"stacktrace-js": "^2.0.1"
			}
		},
		"zip-tap-reporter": {
			"version": "1.0.4",
			"resolved": "https://registry.npmjs.org/zip-tap-reporter/-/zip-tap-reporter-1.0.4.tgz",
			"integrity": "sha512-faLfSOGQIjmNMIx/B/dkDeC+Jn2fIFNv7jv6aauNvR7PLKu5INQYKX2rIckxOjUMeT1Lb9IjKtRlK4l7cG+6+A==",
			"dev": true,
			"requires": {
				"@types/through2": "^2.0.34",
				"chalk": "^3.0.0",
				"debug": "^4.1.1",
				"through2": "^3.0.1"
			}
		}
	}
}
